// !$*UTF8*$!
{
	archiveVersion = 1;
	classes = {
	};
	objectVersion = 50;
	objects = {

/* Begin PBXBuildFile section */
		2829B88626C7620F0000C309 /* AppDelegate.swift in Sources */ = {isa = PBXBuildFile; fileRef = 2829B88526C7620F0000C309 /* AppDelegate.swift */; };
		2829B88826C7620F0000C309 /* SceneDelegate.swift in Sources */ = {isa = PBXBuildFile; fileRef = 2829B88726C7620F0000C309 /* SceneDelegate.swift */; };
		2829B88A26C7620F0000C309 /* ViewController.swift in Sources */ = {isa = PBXBuildFile; fileRef = 2829B88926C7620F0000C309 /* ViewController.swift */; };
		2829B88D26C7620F0000C309 /* Main.storyboard in Resources */ = {isa = PBXBuildFile; fileRef = 2829B88B26C7620F0000C309 /* Main.storyboard */; };
		2829B88F26C762100000C309 /* Assets.xcassets in Resources */ = {isa = PBXBuildFile; fileRef = 2829B88E26C762100000C309 /* Assets.xcassets */; };
		2829B89226C762100000C309 /* LaunchScreen.storyboard in Resources */ = {isa = PBXBuildFile; fileRef = 2829B89026C762100000C309 /* LaunchScreen.storyboard */; };
		2829B89D26C762110000C309 /* HopSkipDrive_Take_Home_ProjectTests.swift in Sources */ = {isa = PBXBuildFile; fileRef = 2829B89C26C762110000C309 /* HopSkipDrive_Take_Home_ProjectTests.swift */; };
		2829B8A826C762110000C309 /* HopSkipDrive_Take_Home_ProjectUITests.swift in Sources */ = {isa = PBXBuildFile; fileRef = 2829B8A726C762110000C309 /* HopSkipDrive_Take_Home_ProjectUITests.swift */; };
/* End PBXBuildFile section */

/* Begin PBXContainerItemProxy section */
		2829B89926C762100000C309 /* PBXContainerItemProxy */ = {
			isa = PBXContainerItemProxy;
			containerPortal = 2829B87A26C7620F0000C309 /* Project object */;
			proxyType = 1;
			remoteGlobalIDString = 2829B88126C7620F0000C309;
			remoteInfo = "HopSkipDrive-Take-Home-Project";
		};
		2829B8A426C762110000C309 /* PBXContainerItemProxy */ = {
			isa = PBXContainerItemProxy;
			containerPortal = 2829B87A26C7620F0000C309 /* Project object */;
			proxyType = 1;
			remoteGlobalIDString = 2829B88126C7620F0000C309;
			remoteInfo = "HopSkipDrive-Take-Home-Project";
		};
/* End PBXContainerItemProxy section */

/* Begin PBXFileReference section */
		2829B88226C7620F0000C309 /* HopSkipDrive-Take-Home-Project.app */ = {isa = PBXFileReference; explicitFileType = wrapper.application; includeInIndex = 0; path = "HopSkipDrive-Take-Home-Project.app"; sourceTree = BUILT_PRODUCTS_DIR; };
		2829B88526C7620F0000C309 /* AppDelegate.swift */ = {isa = PBXFileReference; lastKnownFileType = sourcecode.swift; path = AppDelegate.swift; sourceTree = "<group>"; };
		2829B88726C7620F0000C309 /* SceneDelegate.swift */ = {isa = PBXFileReference; lastKnownFileType = sourcecode.swift; path = SceneDelegate.swift; sourceTree = "<group>"; };
		2829B88926C7620F0000C309 /* ViewController.swift */ = {isa = PBXFileReference; lastKnownFileType = sourcecode.swift; path = ViewController.swift; sourceTree = "<group>"; };
		2829B88C26C7620F0000C309 /* Base */ = {isa = PBXFileReference; lastKnownFileType = file.storyboard; name = Base; path = Base.lproj/Main.storyboard; sourceTree = "<group>"; };
		2829B88E26C762100000C309 /* Assets.xcassets */ = {isa = PBXFileReference; lastKnownFileType = folder.assetcatalog; path = Assets.xcassets; sourceTree = "<group>"; };
		2829B89126C762100000C309 /* Base */ = {isa = PBXFileReference; lastKnownFileType = file.storyboard; name = Base; path = Base.lproj/LaunchScreen.storyboard; sourceTree = "<group>"; };
		2829B89326C762100000C309 /* Info.plist */ = {isa = PBXFileReference; lastKnownFileType = text.plist.xml; path = Info.plist; sourceTree = "<group>"; };
		2829B89826C762100000C309 /* HopSkipDrive-Take-Home-ProjectTests.xctest */ = {isa = PBXFileReference; explicitFileType = wrapper.cfbundle; includeInIndex = 0; path = "HopSkipDrive-Take-Home-ProjectTests.xctest"; sourceTree = BUILT_PRODUCTS_DIR; };
		2829B89C26C762110000C309 /* HopSkipDrive_Take_Home_ProjectTests.swift */ = {isa = PBXFileReference; lastKnownFileType = sourcecode.swift; path = HopSkipDrive_Take_Home_ProjectTests.swift; sourceTree = "<group>"; };
		2829B89E26C762110000C309 /* Info.plist */ = {isa = PBXFileReference; lastKnownFileType = text.plist.xml; path = Info.plist; sourceTree = "<group>"; };
		2829B8A326C762110000C309 /* HopSkipDrive-Take-Home-ProjectUITests.xctest */ = {isa = PBXFileReference; explicitFileType = wrapper.cfbundle; includeInIndex = 0; path = "HopSkipDrive-Take-Home-ProjectUITests.xctest"; sourceTree = BUILT_PRODUCTS_DIR; };
		2829B8A726C762110000C309 /* HopSkipDrive_Take_Home_ProjectUITests.swift */ = {isa = PBXFileReference; lastKnownFileType = sourcecode.swift; path = HopSkipDrive_Take_Home_ProjectUITests.swift; sourceTree = "<group>"; };
		2829B8A926C762110000C309 /* Info.plist */ = {isa = PBXFileReference; lastKnownFileType = text.plist.xml; path = Info.plist; sourceTree = "<group>"; };
/* End PBXFileReference section */

/* Begin PBXFrameworksBuildPhase section */
		2829B87F26C7620F0000C309 /* Frameworks */ = {
			isa = PBXFrameworksBuildPhase;
			buildActionMask = 2147483647;
			files = (
			);
			runOnlyForDeploymentPostprocessing = 0;
		};
		2829B89526C762100000C309 /* Frameworks */ = {
			isa = PBXFrameworksBuildPhase;
			buildActionMask = 2147483647;
			files = (
			);
			runOnlyForDeploymentPostprocessing = 0;
		};
		2829B8A026C762110000C309 /* Frameworks */ = {
			isa = PBXFrameworksBuildPhase;
			buildActionMask = 2147483647;
			files = (
			);
			runOnlyForDeploymentPostprocessing = 0;
		};
/* End PBXFrameworksBuildPhase section */

/* Begin PBXGroup section */
		2829B87926C7620F0000C309 = {
			isa = PBXGroup;
			children = (
				2829B88426C7620F0000C309 /* HopSkipDrive-Take-Home-Project */,
				2829B89B26C762110000C309 /* HopSkipDrive-Take-Home-ProjectTests */,
				2829B8A626C762110000C309 /* HopSkipDrive-Take-Home-ProjectUITests */,
				2829B88326C7620F0000C309 /* Products */,
			);
			sourceTree = "<group>";
		};
		2829B88326C7620F0000C309 /* Products */ = {
			isa = PBXGroup;
			children = (
				2829B88226C7620F0000C309 /* HopSkipDrive-Take-Home-Project.app */,
				2829B89826C762100000C309 /* HopSkipDrive-Take-Home-ProjectTests.xctest */,
				2829B8A326C762110000C309 /* HopSkipDrive-Take-Home-ProjectUITests.xctest */,
			);
			name = Products;
			sourceTree = "<group>";
		};
		2829B88426C7620F0000C309 /* HopSkipDrive-Take-Home-Project */ = {
			isa = PBXGroup;
			children = (
				2829B88526C7620F0000C309 /* AppDelegate.swift */,
				2829B88726C7620F0000C309 /* SceneDelegate.swift */,
				2829B88926C7620F0000C309 /* ViewController.swift */,
				2829B88B26C7620F0000C309 /* Main.storyboard */,
				2829B88E26C762100000C309 /* Assets.xcassets */,
				2829B89026C762100000C309 /* LaunchScreen.storyboard */,
				2829B89326C762100000C309 /* Info.plist */,
			);
			path = "HopSkipDrive-Take-Home-Project";
			sourceTree = "<group>";
		};
		2829B89B26C762110000C309 /* HopSkipDrive-Take-Home-ProjectTests */ = {
			isa = PBXGroup;
			children = (
				2829B89C26C762110000C309 /* HopSkipDrive_Take_Home_ProjectTests.swift */,
				2829B89E26C762110000C309 /* Info.plist */,
			);
			path = "HopSkipDrive-Take-Home-ProjectTests";
			sourceTree = "<group>";
		};
		2829B8A626C762110000C309 /* HopSkipDrive-Take-Home-ProjectUITests */ = {
			isa = PBXGroup;
			children = (
				2829B8A726C762110000C309 /* HopSkipDrive_Take_Home_ProjectUITests.swift */,
				2829B8A926C762110000C309 /* Info.plist */,
			);
			path = "HopSkipDrive-Take-Home-ProjectUITests";
			sourceTree = "<group>";
		};
/* End PBXGroup section */

/* Begin PBXNativeTarget section */
		2829B88126C7620F0000C309 /* HopSkipDrive-Take-Home-Project */ = {
			isa = PBXNativeTarget;
			buildConfigurationList = 2829B8AC26C762110000C309 /* Build configuration list for PBXNativeTarget "HopSkipDrive-Take-Home-Project" */;
			buildPhases = (
				2829B87E26C7620F0000C309 /* Sources */,
				2829B87F26C7620F0000C309 /* Frameworks */,
				2829B88026C7620F0000C309 /* Resources */,
			);
			buildRules = (
			);
			dependencies = (
			);
			name = "HopSkipDrive-Take-Home-Project";
			productName = "HopSkipDrive-Take-Home-Project";
			productReference = 2829B88226C7620F0000C309 /* HopSkipDrive-Take-Home-Project.app */;
			productType = "com.apple.product-type.application";
		};
		2829B89726C762100000C309 /* HopSkipDrive-Take-Home-ProjectTests */ = {
			isa = PBXNativeTarget;
			buildConfigurationList = 2829B8AF26C762110000C309 /* Build configuration list for PBXNativeTarget "HopSkipDrive-Take-Home-ProjectTests" */;
			buildPhases = (
				2829B89426C762100000C309 /* Sources */,
				2829B89526C762100000C309 /* Frameworks */,
				2829B89626C762100000C309 /* Resources */,
			);
			buildRules = (
			);
			dependencies = (
				2829B89A26C762100000C309 /* PBXTargetDependency */,
			);
			name = "HopSkipDrive-Take-Home-ProjectTests";
			productName = "HopSkipDrive-Take-Home-ProjectTests";
			productReference = 2829B89826C762100000C309 /* HopSkipDrive-Take-Home-ProjectTests.xctest */;
			productType = "com.apple.product-type.bundle.unit-test";
		};
		2829B8A226C762110000C309 /* HopSkipDrive-Take-Home-ProjectUITests */ = {
			isa = PBXNativeTarget;
			buildConfigurationList = 2829B8B226C762110000C309 /* Build configuration list for PBXNativeTarget "HopSkipDrive-Take-Home-ProjectUITests" */;
			buildPhases = (
				2829B89F26C762110000C309 /* Sources */,
				2829B8A026C762110000C309 /* Frameworks */,
				2829B8A126C762110000C309 /* Resources */,
			);
			buildRules = (
			);
			dependencies = (
				2829B8A526C762110000C309 /* PBXTargetDependency */,
			);
			name = "HopSkipDrive-Take-Home-ProjectUITests";
			productName = "HopSkipDrive-Take-Home-ProjectUITests";
			productReference = 2829B8A326C762110000C309 /* HopSkipDrive-Take-Home-ProjectUITests.xctest */;
			productType = "com.apple.product-type.bundle.ui-testing";
		};
/* End PBXNativeTarget section */

/* Begin PBXProject section */
		2829B87A26C7620F0000C309 /* Project object */ = {
			isa = PBXProject;
			attributes = {
				LastSwiftUpdateCheck = 1250;
				LastUpgradeCheck = 1250;
				TargetAttributes = {
					2829B88126C7620F0000C309 = {
						CreatedOnToolsVersion = 12.5.1;
					};
					2829B89726C762100000C309 = {
						CreatedOnToolsVersion = 12.5.1;
						TestTargetID = 2829B88126C7620F0000C309;
					};
					2829B8A226C762110000C309 = {
						CreatedOnToolsVersion = 12.5.1;
						TestTargetID = 2829B88126C7620F0000C309;
					};
				};
			};
			buildConfigurationList = 2829B87D26C7620F0000C309 /* Build configuration list for PBXProject "HopSkipDrive-Take-Home-Project" */;
			compatibilityVersion = "Xcode 9.3";
			developmentRegion = en;
			hasScannedForEncodings = 0;
			knownRegions = (
				en,
				Base,
			);
			mainGroup = 2829B87926C7620F0000C309;
			productRefGroup = 2829B88326C7620F0000C309 /* Products */;
			projectDirPath = "";
			projectRoot = "";
			targets = (
				2829B88126C7620F0000C309 /* HopSkipDrive-Take-Home-Project */,
				2829B89726C762100000C309 /* HopSkipDrive-Take-Home-ProjectTests */,
				2829B8A226C762110000C309 /* HopSkipDrive-Take-Home-ProjectUITests */,
			);
		};
/* End PBXProject section */

/* Begin PBXResourcesBuildPhase section */
		2829B88026C7620F0000C309 /* Resources */ = {
			isa = PBXResourcesBuildPhase;
			buildActionMask = 2147483647;
			files = (
				2829B89226C762100000C309 /* LaunchScreen.storyboard in Resources */,
				2829B88F26C762100000C309 /* Assets.xcassets in Resources */,
				2829B88D26C7620F0000C309 /* Main.storyboard in Resources */,
			);
			runOnlyForDeploymentPostprocessing = 0;
		};
		2829B89626C762100000C309 /* Resources */ = {
			isa = PBXResourcesBuildPhase;
			buildActionMask = 2147483647;
			files = (
			);
			runOnlyForDeploymentPostprocessing = 0;
		};
		2829B8A126C762110000C309 /* Resources */ = {
			isa = PBXResourcesBuildPhase;
			buildActionMask = 2147483647;
			files = (
			);
			runOnlyForDeploymentPostprocessing = 0;
		};
/* End PBXResourcesBuildPhase section */

/* Begin PBXSourcesBuildPhase section */
		2829B87E26C7620F0000C309 /* Sources */ = {
			isa = PBXSourcesBuildPhase;
			buildActionMask = 2147483647;
			files = (
				2829B88A26C7620F0000C309 /* ViewController.swift in Sources */,
				2829B88626C7620F0000C309 /* AppDelegate.swift in Sources */,
				2829B88826C7620F0000C309 /* SceneDelegate.swift in Sources */,
			);
			runOnlyForDeploymentPostprocessing = 0;
		};
		2829B89426C762100000C309 /* Sources */ = {
			isa = PBXSourcesBuildPhase;
			buildActionMask = 2147483647;
			files = (
				2829B89D26C762110000C309 /* HopSkipDrive_Take_Home_ProjectTests.swift in Sources */,
			);
			runOnlyForDeploymentPostprocessing = 0;
		};
		2829B89F26C762110000C309 /* Sources */ = {
			isa = PBXSourcesBuildPhase;
			buildActionMask = 2147483647;
			files = (
				2829B8A826C762110000C309 /* HopSkipDrive_Take_Home_ProjectUITests.swift in Sources */,
			);
			runOnlyForDeploymentPostprocessing = 0;
		};
/* End PBXSourcesBuildPhase section */

/* Begin PBXTargetDependency section */
		2829B89A26C762100000C309 /* PBXTargetDependency */ = {
			isa = PBXTargetDependency;
			target = 2829B88126C7620F0000C309 /* HopSkipDrive-Take-Home-Project */;
			targetProxy = 2829B89926C762100000C309 /* PBXContainerItemProxy */;
		};
		2829B8A526C762110000C309 /* PBXTargetDependency */ = {
			isa = PBXTargetDependency;
			target = 2829B88126C7620F0000C309 /* HopSkipDrive-Take-Home-Project */;
			targetProxy = 2829B8A426C762110000C309 /* PBXContainerItemProxy */;
		};
/* End PBXTargetDependency section */

/* Begin PBXVariantGroup section */
		2829B88B26C7620F0000C309 /* Main.storyboard */ = {
			isa = PBXVariantGroup;
			children = (
				2829B88C26C7620F0000C309 /* Base */,
			);
			name = Main.storyboard;
			sourceTree = "<group>";
		};
		2829B89026C762100000C309 /* LaunchScreen.storyboard */ = {
			isa = PBXVariantGroup;
			children = (
				2829B89126C762100000C309 /* Base */,
			);
			name = LaunchScreen.storyboard;
			sourceTree = "<group>";
		};
/* End PBXVariantGroup section */

/* Begin XCBuildConfiguration section */
		2829B8AA26C762110000C309 /* Debug */ = {
			isa = XCBuildConfiguration;
			buildSettings = {
				ALWAYS_SEARCH_USER_PATHS = NO;
				CLANG_ANALYZER_NONNULL = YES;
				CLANG_ANALYZER_NUMBER_OBJECT_CONVERSION = YES_AGGRESSIVE;
				CLANG_CXX_LANGUAGE_STANDARD = "gnu++14";
				CLANG_CXX_LIBRARY = "libc++";
				CLANG_ENABLE_MODULES = YES;
				CLANG_ENABLE_OBJC_ARC = YES;
				CLANG_ENABLE_OBJC_WEAK = YES;
				CLANG_WARN_BLOCK_CAPTURE_AUTORELEASING = YES;
				CLANG_WARN_BOOL_CONVERSION = YES;
				CLANG_WARN_COMMA = YES;
				CLANG_WARN_CONSTANT_CONVERSION = YES;
				CLANG_WARN_DEPRECATED_OBJC_IMPLEMENTATIONS = YES;
				CLANG_WARN_DIRECT_OBJC_ISA_USAGE = YES_ERROR;
				CLANG_WARN_DOCUMENTATION_COMMENTS = YES;
				CLANG_WARN_EMPTY_BODY = YES;
				CLANG_WARN_ENUM_CONVERSION = YES;
				CLANG_WARN_INFINITE_RECURSION = YES;
				CLANG_WARN_INT_CONVERSION = YES;
				CLANG_WARN_NON_LITERAL_NULL_CONVERSION = YES;
				CLANG_WARN_OBJC_IMPLICIT_RETAIN_SELF = YES;
				CLANG_WARN_OBJC_LITERAL_CONVERSION = YES;
				CLANG_WARN_OBJC_ROOT_CLASS = YES_ERROR;
				CLANG_WARN_QUOTED_INCLUDE_IN_FRAMEWORK_HEADER = YES;
				CLANG_WARN_RANGE_LOOP_ANALYSIS = YES;
				CLANG_WARN_STRICT_PROTOTYPES = YES;
				CLANG_WARN_SUSPICIOUS_MOVE = YES;
				CLANG_WARN_UNGUARDED_AVAILABILITY = YES_AGGRESSIVE;
				CLANG_WARN_UNREACHABLE_CODE = YES;
				CLANG_WARN__DUPLICATE_METHOD_MATCH = YES;
				COPY_PHASE_STRIP = NO;
				DEBUG_INFORMATION_FORMAT = dwarf;
				ENABLE_STRICT_OBJC_MSGSEND = YES;
				ENABLE_TESTABILITY = YES;
				GCC_C_LANGUAGE_STANDARD = gnu11;
				GCC_DYNAMIC_NO_PIC = NO;
				GCC_NO_COMMON_BLOCKS = YES;
				GCC_OPTIMIZATION_LEVEL = 0;
				GCC_PREPROCESSOR_DEFINITIONS = (
					"DEBUG=1",
					"$(inherited)",
				);
				GCC_WARN_64_TO_32_BIT_CONVERSION = YES;
				GCC_WARN_ABOUT_RETURN_TYPE = YES_ERROR;
				GCC_WARN_UNDECLARED_SELECTOR = YES;
				GCC_WARN_UNINITIALIZED_AUTOS = YES_AGGRESSIVE;
				GCC_WARN_UNUSED_FUNCTION = YES;
				GCC_WARN_UNUSED_VARIABLE = YES;
				IPHONEOS_DEPLOYMENT_TARGET = 14.5;
				MTL_ENABLE_DEBUG_INFO = INCLUDE_SOURCE;
				MTL_FAST_MATH = YES;
				ONLY_ACTIVE_ARCH = YES;
				SDKROOT = iphoneos;
				SWIFT_ACTIVE_COMPILATION_CONDITIONS = DEBUG;
				SWIFT_OPTIMIZATION_LEVEL = "-Onone";
			};
			name = Debug;
		};
		2829B8AB26C762110000C309 /* Release */ = {
			isa = XCBuildConfiguration;
			buildSettings = {
				ALWAYS_SEARCH_USER_PATHS = NO;
				CLANG_ANALYZER_NONNULL = YES;
				CLANG_ANALYZER_NUMBER_OBJECT_CONVERSION = YES_AGGRESSIVE;
				CLANG_CXX_LANGUAGE_STANDARD = "gnu++14";
				CLANG_CXX_LIBRARY = "libc++";
				CLANG_ENABLE_MODULES = YES;
				CLANG_ENABLE_OBJC_ARC = YES;
				CLANG_ENABLE_OBJC_WEAK = YES;
				CLANG_WARN_BLOCK_CAPTURE_AUTORELEASING = YES;
				CLANG_WARN_BOOL_CONVERSION = YES;
				CLANG_WARN_COMMA = YES;
				CLANG_WARN_CONSTANT_CONVERSION = YES;
				CLANG_WARN_DEPRECATED_OBJC_IMPLEMENTATIONS = YES;
				CLANG_WARN_DIRECT_OBJC_ISA_USAGE = YES_ERROR;
				CLANG_WARN_DOCUMENTATION_COMMENTS = YES;
				CLANG_WARN_EMPTY_BODY = YES;
				CLANG_WARN_ENUM_CONVERSION = YES;
				CLANG_WARN_INFINITE_RECURSION = YES;
				CLANG_WARN_INT_CONVERSION = YES;
				CLANG_WARN_NON_LITERAL_NULL_CONVERSION = YES;
				CLANG_WARN_OBJC_IMPLICIT_RETAIN_SELF = YES;
				CLANG_WARN_OBJC_LITERAL_CONVERSION = YES;
				CLANG_WARN_OBJC_ROOT_CLASS = YES_ERROR;
				CLANG_WARN_QUOTED_INCLUDE_IN_FRAMEWORK_HEADER = YES;
				CLANG_WARN_RANGE_LOOP_ANALYSIS = YES;
				CLANG_WARN_STRICT_PROTOTYPES = YES;
				CLANG_WARN_SUSPICIOUS_MOVE = YES;
				CLANG_WARN_UNGUARDED_AVAILABILITY = YES_AGGRESSIVE;
				CLANG_WARN_UNREACHABLE_CODE = YES;
				CLANG_WARN__DUPLICATE_METHOD_MATCH = YES;
				COPY_PHASE_STRIP = NO;
				DEBUG_INFORMATION_FORMAT = "dwarf-with-dsym";
				ENABLE_NS_ASSERTIONS = NO;
				ENABLE_STRICT_OBJC_MSGSEND = YES;
				GCC_C_LANGUAGE_STANDARD = gnu11;
				GCC_NO_COMMON_BLOCKS = YES;
				GCC_WARN_64_TO_32_BIT_CONVERSION = YES;
				GCC_WARN_ABOUT_RETURN_TYPE = YES_ERROR;
				GCC_WARN_UNDECLARED_SELECTOR = YES;
				GCC_WARN_UNINITIALIZED_AUTOS = YES_AGGRESSIVE;
				GCC_WARN_UNUSED_FUNCTION = YES;
				GCC_WARN_UNUSED_VARIABLE = YES;
				IPHONEOS_DEPLOYMENT_TARGET = 14.5;
				MTL_ENABLE_DEBUG_INFO = NO;
				MTL_FAST_MATH = YES;
				SDKROOT = iphoneos;
				SWIFT_COMPILATION_MODE = wholemodule;
				SWIFT_OPTIMIZATION_LEVEL = "-O";
				VALIDATE_PRODUCT = YES;
			};
			name = Release;
		};
		2829B8AD26C762110000C309 /* Debug */ = {
			isa = XCBuildConfiguration;
			buildSettings = {
				ASSETCATALOG_COMPILER_APPICON_NAME = AppIcon;
				ASSETCATALOG_COMPILER_GLOBAL_ACCENT_COLOR_NAME = AccentColor;
				CODE_SIGN_STYLE = Automatic;
				DEVELOPMENT_TEAM = FBPU586293;
				INFOPLIST_FILE = "HopSkipDrive-Take-Home-Project/Info.plist";
				LD_RUNPATH_SEARCH_PATHS = (
					"$(inherited)",
					"@executable_path/Frameworks",
				);
				PRODUCT_BUNDLE_IDENTIFIER = "com.ryan.HopSkipDrive-Take-Home-Project";
				PRODUCT_NAME = "$(TARGET_NAME)";
				SWIFT_VERSION = 5.0;
				TARGETED_DEVICE_FAMILY = "1,2";
			};
			name = Debug;
		};
		2829B8AE26C762110000C309 /* Release */ = {
			isa = XCBuildConfiguration;
			buildSettings = {
				ASSETCATALOG_COMPILER_APPICON_NAME = AppIcon;
				ASSETCATALOG_COMPILER_GLOBAL_ACCENT_COLOR_NAME = AccentColor;
				CODE_SIGN_STYLE = Automatic;
				DEVELOPMENT_TEAM = FBPU586293;
				INFOPLIST_FILE = "HopSkipDrive-Take-Home-Project/Info.plist";
				LD_RUNPATH_SEARCH_PATHS = (
					"$(inherited)",
					"@executable_path/Frameworks",
				);
				PRODUCT_BUNDLE_IDENTIFIER = "com.ryan.HopSkipDrive-Take-Home-Project";
				PRODUCT_NAME = "$(TARGET_NAME)";
				SWIFT_VERSION = 5.0;
				TARGETED_DEVICE_FAMILY = "1,2";
			};
			name = Release;
		};
		2829B8B026C762110000C309 /* Debug */ = {
			isa = XCBuildConfiguration;
			buildSettings = {
				ALWAYS_EMBED_SWIFT_STANDARD_LIBRARIES = YES;
				BUNDLE_LOADER = "$(TEST_HOST)";
				CODE_SIGN_STYLE = Automatic;
				DEVELOPMENT_TEAM = FBPU586293;
				INFOPLIST_FILE = "HopSkipDrive-Take-Home-ProjectTests/Info.plist";
				IPHONEOS_DEPLOYMENT_TARGET = 14.5;
				LD_RUNPATH_SEARCH_PATHS = (
					"$(inherited)",
					"@executable_path/Frameworks",
					"@loader_path/Frameworks",
				);
				PRODUCT_BUNDLE_IDENTIFIER = "com.ryan.HopSkipDrive-Take-Home-ProjectTests";
				PRODUCT_NAME = "$(TARGET_NAME)";
				SWIFT_VERSION = 5.0;
				TARGETED_DEVICE_FAMILY = "1,2";
				TEST_HOST = "$(BUILT_PRODUCTS_DIR)/HopSkipDrive-Take-Home-Project.app/HopSkipDrive-Take-Home-Project";
			};
			name = Debug;
		};
		2829B8B126C762110000C309 /* Release */ = {
			isa = XCBuildConfiguration;
			buildSettings = {
				ALWAYS_EMBED_SWIFT_STANDARD_LIBRARIES = YES;
				BUNDLE_LOADER = "$(TEST_HOST)";
				CODE_SIGN_STYLE = Automatic;
				DEVELOPMENT_TEAM = FBPU586293;
				INFOPLIST_FILE = "HopSkipDrive-Take-Home-ProjectTests/Info.plist";
				IPHONEOS_DEPLOYMENT_TARGET = 14.5;
				LD_RUNPATH_SEARCH_PATHS = (
					"$(inherited)",
					"@executable_path/Frameworks",
					"@loader_path/Frameworks",
				);
				PRODUCT_BUNDLE_IDENTIFIER = "com.ryan.HopSkipDrive-Take-Home-ProjectTests";
				PRODUCT_NAME = "$(TARGET_NAME)";
				SWIFT_VERSION = 5.0;
				TARGETED_DEVICE_FAMILY = "1,2";
				TEST_HOST = "$(BUILT_PRODUCTS_DIR)/HopSkipDrive-Take-Home-Project.app/HopSkipDrive-Take-Home-Project";
			};
			name = Release;
		};
		2829B8B326C762110000C309 /* Debug */ = {
			isa = XCBuildConfiguration;
			buildSettings = {
				ALWAYS_EMBED_SWIFT_STANDARD_LIBRARIES = YES;
				CODE_SIGN_STYLE = Automatic;
				DEVELOPMENT_TEAM = FBPU586293;
				INFOPLIST_FILE = "HopSkipDrive-Take-Home-ProjectUITests/Info.plist";
				LD_RUNPATH_SEARCH_PATHS = (
					"$(inherited)",
					"@executable_path/Frameworks",
					"@loader_path/Frameworks",
				);
				PRODUCT_BUNDLE_IDENTIFIER = "com.ryan.HopSkipDrive-Take-Home-ProjectUITests";
				PRODUCT_NAME = "$(TARGET_NAME)";
				SWIFT_VERSION = 5.0;
				TARGETED_DEVICE_FAMILY = "1,2";
				TEST_TARGET_NAME = "HopSkipDrive-Take-Home-Project";
			};
			name = Debug;
		};
		2829B8B426C762110000C309 /* Release */ = {
			isa = XCBuildConfiguration;
			buildSettings = {
				ALWAYS_EMBED_SWIFT_STANDARD_LIBRARIES = YES;
				CODE_SIGN_STYLE = Automatic;
				DEVELOPMENT_TEAM = FBPU586293;
				INFOPLIST_FILE = "HopSkipDrive-Take-Home-ProjectUITests/Info.plist";
				LD_RUNPATH_SEARCH_PATHS = (
					"$(inherited)",
					"@executable_path/Frameworks",
					"@loader_path/Frameworks",
				);
				PRODUCT_BUNDLE_IDENTIFIER = "com.ryan.HopSkipDrive-Take-Home-ProjectUITests";
				PRODUCT_NAME = "$(TARGET_NAME)";
				SWIFT_VERSION = 5.0;
				TARGETED_DEVICE_FAMILY = "1,2";
				TEST_TARGET_NAME = "HopSkipDrive-Take-Home-Project";
			};
			name = Release;
		};
/* End XCBuildConfiguration section */

/* Begin XCConfigurationList section */
		2829B87D26C7620F0000C309 /* Build configuration list for PBXProject "HopSkipDrive-Take-Home-Project" */ = {
			isa = XCConfigurationList;
			buildConfigurations = (
				2829B8AA26C762110000C309 /* Debug */,
				2829B8AB26C762110000C309 /* Release */,
			);
			defaultConfigurationIsVisible = 0;
			defaultConfigurationName = Release;
		};
		2829B8AC26C762110000C309 /* Build configuration list for PBXNativeTarget "HopSkipDrive-Take-Home-Project" */ = {
			isa = XCConfigurationList;
			buildConfigurations = (
				2829B8AD26C762110000C309 /* Debug */,
				2829B8AE26C762110000C309 /* Release */,
			);
			defaultConfigurationIsVisible = 0;
			defaultConfigurationName = Release;
		};
		2829B8AF26C762110000C309 /* Build configuration list for PBXNativeTarget "HopSkipDrive-Take-Home-ProjectTests" */ = {
			isa = XCConfigurationList;
			buildConfigurations = (
				2829B8B026C762110000C309 /* Debug */,
				2829B8B126C762110000C309 /* Release */,
			);
			defaultConfigurationIsVisible = 0;
			defaultConfigurationName = Release;
		};
		2829B8B226C762110000C309 /* Build configuration list for PBXNativeTarget "HopSkipDrive-Take-Home-ProjectUITests" */ = {
			isa = XCConfigurationList;
			buildConfigurations = (
				2829B8B326C762110000C309 /* Debug */,
				2829B8B426C762110000C309 /* Release */,
			);
			defaultConfigurationIsVisible = 0;
			defaultConfigurationName = Release;
		};
/* End XCConfigurationList section */
	};
	rootObject = 2829B87A26C7620F0000C309 /* Project object */;
}
